
Microsoft Visual Studio Solution File, Format Version 12.00
# Visual Studio Version 17
VisualStudioVersion = 17.1.32210.238
MinimumVisualStudioVersion = 10.0.40219.1
Project("{9A19103F-16F7-4668-BE54-9A1E7A4F7556}") = "CompanyEmployees", "CompanyEmployees\CompanyEmployees.csproj", "{86D55C8E-8A7B-427A-849D-2A729D6B0E6D}"
EndProject
Project("{9A19103F-16F7-4668-BE54-9A1E7A4F7556}") = "Contracts", "Contracts\Contracts.csproj", "{748BA40B-5D03-40CE-BEBE-D417DD5A37CC}"
EndProject
Project("{9A19103F-16F7-4668-BE54-9A1E7A4F7556}") = "LoggerService", "LoggerService\LoggerService.csproj", "{2B0E155A-BC6C-4350-9593-5DC7E1289B0B}"
EndProject
Project("{FAE04EC0-301F-11D3-BF4B-00C04F79EFBC}") = "Entities", "Entities\Entities.csproj", "{59A63A13-6F8D-495E-99A1-7F6C34CF2A51}"
EndProject
Global
	GlobalSection(SolutionConfigurationPlatforms) = preSolution
		Debug|Any CPU = Debug|Any CPU
		Release|Any CPU = Release|Any CPU
	EndGlobalSection
	GlobalSection(ProjectConfigurationPlatforms) = postSolution
		{86D55C8E-8A7B-427A-849D-2A729D6B0E6D}.Debug|Any CPU.ActiveCfg = Debug|Any CPU
		{86D55C8E-8A7B-427A-849D-2A729D6B0E6D}.Debug|Any CPU.Build.0 = Debug|Any CPU
		{86D55C8E-8A7B-427A-849D-2A729D6B0E6D}.Release|Any CPU.ActiveCfg = Release|Any CPU
		{86D55C8E-8A7B-427A-849D-2A729D6B0E6D}.Release|Any CPU.Build.0 = Release|Any CPU
		{748BA40B-5D03-40CE-BEBE-D417DD5A37CC}.Debug|Any CPU.ActiveCfg = Debug|Any CPU
		{748BA40B-5D03-40CE-BEBE-D417DD5A37CC}.Debug|Any CPU.Build.0 = Debug|Any CPU
		{748BA40B-5D03-40CE-BEBE-D417DD5A37CC}.Release|Any CPU.ActiveCfg = Release|Any CPU
		{748BA40B-5D03-40CE-BEBE-D417DD5A37CC}.Release|Any CPU.Build.0 = Release|Any CPU
		{2B0E155A-BC6C-4350-9593-5DC7E1289B0B}.Debug|Any CPU.ActiveCfg = Debug|Any CPU
		{2B0E155A-BC6C-4350-9593-5DC7E1289B0B}.Debug|Any CPU.Build.0 = Debug|Any CPU
		{2B0E155A-BC6C-4350-9593-5DC7E1289B0B}.Release|Any CPU.ActiveCfg = Release|Any CPU
		{2B0E155A-BC6C-4350-9593-5DC7E1289B0B}.Release|Any CPU.Build.0 = Release|Any CPU
		{59A63A13-6F8D-495E-99A1-7F6C34CF2A51}.Debug|Any CPU.ActiveCfg = Debug|Any CPU
		{59A63A13-6F8D-495E-99A1-7F6C34CF2A51}.Debug|Any CPU.Build.0 = Debug|Any CPU
		{59A63A13-6F8D-495E-99A1-7F6C34CF2A51}.Release|Any CPU.ActiveCfg = Release|Any CPU
		{59A63A13-6F8D-495E-99A1-7F6C34CF2A51}.Release|Any CPU.Build.0 = Release|Any CPU
	EndGlobalSection
	GlobalSection(SolutionProperties) = preSolution
		HideSolutionNode = FALSE
	EndGlobalSection
	GlobalSection(ExtensibilityGlobals) = postSolution
		SolutionGuid = {F7DF04A2-A8C7-44FC-A4CC-BB269F663EE1}
	EndGlobalSection
EndGlobal
